
Microsoft Visual Studio Solution File, Format Version 12.00
# Visual Studio Version 16
VisualStudioVersion = 16.0.31424.327
MinimumVisualStudioVersion = 10.0.40219.1
Project("{8BC9CEB8-8B4A-11D0-8D11-00A0C91BC942}") = "Arrays", "Arrays\Arrays.vcxproj", "{ECB82D6E-3101-4F5C-ABE9-C4582712A3E7}"
EndProject
Project("{8BC9CEB8-8B4A-11D0-8D11-00A0C91BC942}") = "Shift", "Shift\Shift.vcxproj", "{7A61C27B-EE71-4518-9795-8C81C54470AC}"
EndProject
Project("{8BC9CEB8-8B4A-11D0-8D11-00A0C91BC942}") = "Translating numbers", "Translating numbers\Translating numbers.vcxproj", "{DCD02FC2-8BE2-4DFE-BCB8-7CA396296B0B}"
EndProject
Project("{8BC9CEB8-8B4A-11D0-8D11-00A0C91BC942}") = "Random", "Random\Random.vcxproj", "{5583A96E-6D45-4FD4-A127-C51E00520F47}"
EndProject
Project("{8BC9CEB8-8B4A-11D0-8D11-00A0C91BC942}") = "RandomUnique", "RandomUnique\RandomUnique.vcxproj", "{AD6850CB-E1B2-42DD-BBDE-65B12863CC65}"
EndProject
Project("{8BC9CEB8-8B4A-11D0-8D11-00A0C91BC942}") = "RandomRecurring", "RandomRecurring\RandomRecurring.vcxproj", "{A4928CDA-96E3-4309-BEAF-43DBE0F3478F}"
EndProject
Project("{8BC9CEB8-8B4A-11D0-8D11-00A0C91BC942}") = "Uniqrandom", "Uniqrandom\Uniqrandom.vcxproj", "{5E95B0CF-5946-421D-9B6D-D6DA347A1320}"
EndProject
Project("{8BC9CEB8-8B4A-11D0-8D11-00A0C91BC942}") = "Repit", "Repit\Repit.vcxproj", "{4C863944-4A8D-404C-A1CA-28654D526564}"
EndProject
Project("{8BC9CEB8-8B4A-11D0-8D11-00A0C91BC942}") = "Arrays2d", "Arrays2d\Arrays2d.vcxproj", "{EBD440AB-3719-47EC-8555-8389A0E7E648}"
EndProject
Global
	GlobalSection(SolutionConfigurationPlatforms) = preSolution
		Debug|x64 = Debug|x64
		Debug|x86 = Debug|x86
		Release|x64 = Release|x64
		Release|x86 = Release|x86
	EndGlobalSection
	GlobalSection(ProjectConfigurationPlatforms) = postSolution
		{ECB82D6E-3101-4F5C-ABE9-C4582712A3E7}.Debug|x64.ActiveCfg = Debug|x64
		{ECB82D6E-3101-4F5C-ABE9-C4582712A3E7}.Debug|x64.Build.0 = Debug|x64
		{ECB82D6E-3101-4F5C-ABE9-C4582712A3E7}.Debug|x86.ActiveCfg = Debug|Win32
		{ECB82D6E-3101-4F5C-ABE9-C4582712A3E7}.Debug|x86.Build.0 = Debug|Win32
		{ECB82D6E-3101-4F5C-ABE9-C4582712A3E7}.Release|x64.ActiveCfg = Release|x64
		{ECB82D6E-3101-4F5C-ABE9-C4582712A3E7}.Release|x64.Build.0 = Release|x64
		{ECB82D6E-3101-4F5C-ABE9-C4582712A3E7}.Release|x86.ActiveCfg = Release|Win32
		{ECB82D6E-3101-4F5C-ABE9-C4582712A3E7}.Release|x86.Build.0 = Release|Win32
		{7A61C27B-EE71-4518-9795-8C81C54470AC}.Debug|x64.ActiveCfg = Debug|x64
		{7A61C27B-EE71-4518-9795-8C81C54470AC}.Debug|x64.Build.0 = Debug|x64
		{7A61C27B-EE71-4518-9795-8C81C54470AC}.Debug|x86.ActiveCfg = Debug|Win32
		{7A61C27B-EE71-4518-9795-8C81C54470AC}.Debug|x86.Build.0 = Debug|Win32
		{7A61C27B-EE71-4518-9795-8C81C54470AC}.Release|x64.ActiveCfg = Release|x64
		{7A61C27B-EE71-4518-9795-8C81C54470AC}.Release|x64.Build.0 = Release|x64
		{7A61C27B-EE71-4518-9795-8C81C54470AC}.Release|x86.ActiveCfg = Release|Win32
		{7A61C27B-EE71-4518-9795-8C81C54470AC}.Release|x86.Build.0 = Release|Win32
		{DCD02FC2-8BE2-4DFE-BCB8-7CA396296B0B}.Debug|x64.ActiveCfg = Debug|x64
		{DCD02FC2-8BE2-4DFE-BCB8-7CA396296B0B}.Debug|x64.Build.0 = Debug|x64
		{DCD02FC2-8BE2-4DFE-BCB8-7CA396296B0B}.Debug|x86.ActiveCfg = Debug|Win32
		{DCD02FC2-8BE2-4DFE-BCB8-7CA396296B0B}.Debug|x86.Build.0 = Debug|Win32
		{DCD02FC2-8BE2-4DFE-BCB8-7CA396296B0B}.Release|x64.ActiveCfg = Release|x64
		{DCD02FC2-8BE2-4DFE-BCB8-7CA396296B0B}.Release|x64.Build.0 = Release|x64
		{DCD02FC2-8BE2-4DFE-BCB8-7CA396296B0B}.Release|x86.ActiveCfg = Release|Win32
		{DCD02FC2-8BE2-4DFE-BCB8-7CA396296B0B}.Release|x86.Build.0 = Release|Win32
		{5583A96E-6D45-4FD4-A127-C51E00520F47}.Debug|x64.ActiveCfg = Debug|x64
		{5583A96E-6D45-4FD4-A127-C51E00520F47}.Debug|x64.Build.0 = Debug|x64
		{5583A96E-6D45-4FD4-A127-C51E00520F47}.Debug|x86.ActiveCfg = Debug|Win32
		{5583A96E-6D45-4FD4-A127-C51E00520F47}.Debug|x86.Build.0 = Debug|Win32
		{5583A96E-6D45-4FD4-A127-C51E00520F47}.Release|x64.ActiveCfg = Release|x64
		{5583A96E-6D45-4FD4-A127-C51E00520F47}.Release|x64.Build.0 = Release|x64
		{5583A96E-6D45-4FD4-A127-C51E00520F47}.Release|x86.ActiveCfg = Release|Win32
		{5583A96E-6D45-4FD4-A127-C51E00520F47}.Release|x86.Build.0 = Release|Win32
		{AD6850CB-E1B2-42DD-BBDE-65B12863CC65}.Debug|x64.ActiveCfg = Debug|x64
		{AD6850CB-E1B2-42DD-BBDE-65B12863CC65}.Debug|x64.Build.0 = Debug|x64
		{AD6850CB-E1B2-42DD-BBDE-65B12863CC65}.Debug|x86.ActiveCfg = Debug|Win32
		{AD6850CB-E1B2-42DD-BBDE-65B12863CC65}.Debug|x86.Build.0 = Debug|Win32
		{AD6850CB-E1B2-42DD-BBDE-65B12863CC65}.Release|x64.ActiveCfg = Release|x64
		{AD6850CB-E1B2-42DD-BBDE-65B12863CC65}.Release|x64.Build.0 = Release|x64
		{AD6850CB-E1B2-42DD-BBDE-65B12863CC65}.Release|x86.ActiveCfg = Release|Win32
		{AD6850CB-E1B2-42DD-BBDE-65B12863CC65}.Release|x86.Build.0 = Release|Win32
		{A4928CDA-96E3-4309-BEAF-43DBE0F3478F}.Debug|x64.ActiveCfg = Debug|x64
		{A4928CDA-96E3-4309-BEAF-43DBE0F3478F}.Debug|x64.Build.0 = Debug|x64
		{A4928CDA-96E3-4309-BEAF-43DBE0F3478F}.Debug|x86.ActiveCfg = Debug|Win32
		{A4928CDA-96E3-4309-BEAF-43DBE0F3478F}.Debug|x86.Build.0 = Debug|Win32
		{A4928CDA-96E3-4309-BEAF-43DBE0F3478F}.Release|x64.ActiveCfg = Release|x64
		{A4928CDA-96E3-4309-BEAF-43DBE0F3478F}.Release|x64.Build.0 = Release|x64
		{A4928CDA-96E3-4309-BEAF-43DBE0F3478F}.Release|x86.ActiveCfg = Release|Win32
		{A4928CDA-96E3-4309-BEAF-43DBE0F3478F}.Release|x86.Build.0 = Release|Win32
		{5E95B0CF-5946-421D-9B6D-D6DA347A1320}.Debug|x64.ActiveCfg = Debug|x64
		{5E95B0CF-5946-421D-9B6D-D6DA347A1320}.Debug|x64.Build.0 = Debug|x64
		{5E95B0CF-5946-421D-9B6D-D6DA347A1320}.Debug|x86.ActiveCfg = Debug|Win32
		{5E95B0CF-5946-421D-9B6D-D6DA347A1320}.Debug|x86.Build.0 = Debug|Win32
		{5E95B0CF-5946-421D-9B6D-D6DA347A1320}.Release|x64.ActiveCfg = Release|x64
		{5E95B0CF-5946-421D-9B6D-D6DA347A1320}.Release|x64.Build.0 = Release|x64
		{5E95B0CF-5946-421D-9B6D-D6DA347A1320}.Release|x86.ActiveCfg = Release|Win32
		{5E95B0CF-5946-421D-9B6D-D6DA347A1320}.Release|x86.Build.0 = Release|Win32
		{4C863944-4A8D-404C-A1CA-28654D526564}.Debug|x64.ActiveCfg = Debug|x64
		{4C863944-4A8D-404C-A1CA-28654D526564}.Debug|x64.Build.0 = Debug|x64
		{4C863944-4A8D-404C-A1CA-28654D526564}.Debug|x86.ActiveCfg = Debug|Win32
		{4C863944-4A8D-404C-A1CA-28654D526564}.Debug|x86.Build.0 = Debug|Win32
		{4C863944-4A8D-404C-A1CA-28654D526564}.Release|x64.ActiveCfg = Release|x64
		{4C863944-4A8D-404C-A1CA-28654D526564}.Release|x64.Build.0 = Release|x64
		{4C863944-4A8D-404C-A1CA-28654D526564}.Release|x86.ActiveCfg = Release|Win32
		{4C863944-4A8D-404C-A1CA-28654D526564}.Release|x86.Build.0 = Release|Win32
		{EBD440AB-3719-47EC-8555-8389A0E7E648}.Debug|x64.ActiveCfg = Debug|x64
		{EBD440AB-3719-47EC-8555-8389A0E7E648}.Debug|x64.Build.0 = Debug|x64
		{EBD440AB-3719-47EC-8555-8389A0E7E648}.Debug|x86.ActiveCfg = Debug|Win32
		{EBD440AB-3719-47EC-8555-8389A0E7E648}.Debug|x86.Build.0 = Debug|Win32
		{EBD440AB-3719-47EC-8555-8389A0E7E648}.Release|x64.ActiveCfg = Release|x64
		{EBD440AB-3719-47EC-8555-8389A0E7E648}.Release|x64.Build.0 = Release|x64
		{EBD440AB-3719-47EC-8555-8389A0E7E648}.Release|x86.ActiveCfg = Release|Win32
		{EBD440AB-3719-47EC-8555-8389A0E7E648}.Release|x86.Build.0 = Release|Win32
	EndGlobalSection
	GlobalSection(SolutionProperties) = preSolution
		HideSolutionNode = FALSE
	EndGlobalSection
	GlobalSection(ExtensibilityGlobals) = postSolution
		SolutionGuid = {65B1412A-AC12-4E55-86CB-D837EE519905}
	EndGlobalSection
EndGlobal
